
Microsoft Visual Studio Solution File, Format Version 12.00
Project("{FAE04EC0-301F-11D3-BF4B-00C04F79EFBC}") = "Catalog.API", "Catalog.API\Catalog.API.csproj", "{18632267-D32C-4F50-BAF2-92DE24108402}"
EndProject
Project("{2150E333-8FDC-42A3-9474-1A3956D46DE8}") = "Solution Items", "Solution Items", "{913381F0-07AA-4B6A-A731-17494941EAF9}"
	ProjectSection(SolutionItems) = preProject
		docker-compose.yml = docker-compose.yml
	EndProjectSection
EndProject
Global
	GlobalSection(SolutionConfigurationPlatforms) = preSolution
		Debug|Any CPU = Debug|Any CPU
		Release|Any CPU = Release|Any CPU
	EndGlobalSection
	GlobalSection(ProjectConfigurationPlatforms) = postSolution
		{18632267-D32C-4F50-BAF2-92DE24108402}.Debug|Any CPU.ActiveCfg = Debug|Any CPU
		{18632267-D32C-4F50-BAF2-92DE24108402}.Debug|Any CPU.Build.0 = Debug|Any CPU
		{18632267-D32C-4F50-BAF2-92DE24108402}.Release|Any CPU.ActiveCfg = Release|Any CPU
		{18632267-D32C-4F50-BAF2-92DE24108402}.Release|Any CPU.Build.0 = Release|Any CPU
	EndGlobalSection
EndGlobal
